{
  "name": "frusician",
  "version": "1.0.0",
  "lockfileVersion": 3,
  "requires": true,
  "packages": {
    "": {
      "name": "frusician",
      "version": "1.0.0",
      "license": "AGPL-3.0-or-later",
      "dependencies": {
        "bootstrap-icons": "^1.13.1",
        "imperative-html": "^0.1.2"
      }
    },
    "node_modules/bootstrap-icons": {
      "version": "1.13.1",
      "resolved": "https://registry.npmjs.org/bootstrap-icons/-/bootstrap-icons-1.13.1.tgz",
      "integrity": "sha512-ijombt4v6bv5CLeXvRWKy7CuM3TRTuPEuGaGKvTV5cz65rQSY8RQ2JcHt6b90cBBAC7s8fsf2EkQDldzCoXUjw==",
      "funding": [
        {
          "type": "github",
          "url": "https://github.com/sponsors/twbs"
        },
        {
          "type": "opencollective",
          "url": "https://opencollective.com/bootstrap"
        }
      ],
      "license": "MIT"
    },
    "node_modules/imperative-html": {
      "version": "0.1.2",
      "resolved": "https://registry.npmjs.org/imperative-html/-/imperative-html-0.1.2.tgz",
      "integrity": "sha512-Db3p9B8Jeh1aILJBCNWzuLnNQuxEReryxoHPw+UdVmOIV0ENdwTFsLK43bSH0RhDexj7SvXGhNbSbQpPTi0F9Q==",
      "license": "MIT"
    }
  }
}
